
Microsoft Visual Studio Solution File, Format Version 12.00
Project("{FAE04EC0-301F-11D3-BF4B-00C04F79EFBC}") = "DemoAPI_Rider", "DemoAPI_Rider\DemoAPI_Rider.csproj", "{1EA0BBDC-6690-4B3C-99F0-AC1AD574C1D6}"
EndProject
Global
	GlobalSection(SolutionConfigurationPlatforms) = preSolution
		Debug|Any CPU = Debug|Any CPU
		Release|Any CPU = Release|Any CPU
	EndGlobalSection
	GlobalSection(ProjectConfigurationPlatforms) = postSolution
		{1EA0BBDC-6690-4B3C-99F0-AC1AD574C1D6}.Debug|Any CPU.ActiveCfg = Debug|Any CPU
		{1EA0BBDC-6690-4B3C-99F0-AC1AD574C1D6}.Debug|Any CPU.Build.0 = Debug|Any CPU
		{1EA0BBDC-6690-4B3C-99F0-AC1AD574C1D6}.Release|Any CPU.ActiveCfg = Release|Any CPU
		{1EA0BBDC-6690-4B3C-99F0-AC1AD574C1D6}.Release|Any CPU.Build.0 = Release|Any CPU
	EndGlobalSection
EndGlobal
